
Microsoft Visual Studio Solution File, Format Version 12.00
# Visual Studio 15
VisualStudioVersion = 15.0.26430.12
MinimumVisualStudioVersion = 10.0.40219.1
Project("{FAE04EC0-301F-11D3-BF4B-00C04F79EFBC}") = "Lykke.Service.Nem.SignService.Tests", "tests\Lykke.Service.Nem.SignService.Tests\Lykke.Service.Nem.SignService.Tests.csproj", "{A61FFDEE-5725-4650-A788-6E55EE5EFD5B}"
EndProject
Project("{FAE04EC0-301F-11D3-BF4B-00C04F79EFBC}") = "Lykke.Service.Nem.SignService", "src\Lykke.Service.Nem.SignService\Lykke.Service.Nem.SignService.csproj", "{E414FDB9-FEEA-4CD0-9BBA-D1541601DF29}"
EndProject
Project("{2150E333-8FDC-42A3-9474-1A3956D46DE8}") = "0. Solution Items", "0. Solution Items", "{415FF449-002C-4224-AFB0-D3E9874AE946}"
	ProjectSection(SolutionItems) = preProject
		.gitignore = .gitignore
		README.md = README.md
		LICENSE = LICENSE
		settings.yaml = settings.yaml
	EndProjectSection
EndProject
Project("{2150E333-8FDC-42A3-9474-1A3956D46DE8}") = "1. Tests", "1. Tests", "{2DD6DC1C-B31F-4802-86FD-0E9DADC0EF23}"
EndProject
Project("{2150E333-8FDC-42A3-9474-1A3956D46DE8}") = "2. Tools", "2. Tools", "{A08537AF-BA80-4B53-9C11-198C42E2DBEB}"
EndProject
Project("{FAE04EC0-301F-11D3-BF4B-00C04F79EFBC}") = "AccountGenerator", "tools\AccountGenerator\AccountGenerator.csproj", "{3012BE6B-6253-4D9F-8E3C-31A0A8C59E28}"
EndProject
Global
	GlobalSection(SolutionConfigurationPlatforms) = preSolution
		Debug|Any CPU = Debug|Any CPU
		Release|Any CPU = Release|Any CPU
	EndGlobalSection
	GlobalSection(ProjectConfigurationPlatforms) = postSolution
		{E414FDB9-FEEA-4CD0-9BBA-D1541601DF29}.Debug|Any CPU.ActiveCfg = Debug|Any CPU
		{E414FDB9-FEEA-4CD0-9BBA-D1541601DF29}.Debug|Any CPU.Build.0 = Debug|Any CPU
		{E414FDB9-FEEA-4CD0-9BBA-D1541601DF29}.Release|Any CPU.ActiveCfg = Release|Any CPU
		{E414FDB9-FEEA-4CD0-9BBA-D1541601DF29}.Release|Any CPU.Build.0 = Release|Any CPU
		{A61FFDEE-5725-4650-A788-6E55EE5EFD5B}.Debug|Any CPU.ActiveCfg = Debug|Any CPU
		{A61FFDEE-5725-4650-A788-6E55EE5EFD5B}.Debug|Any CPU.Build.0 = Debug|Any CPU
		{A61FFDEE-5725-4650-A788-6E55EE5EFD5B}.Release|Any CPU.ActiveCfg = Release|Any CPU
		{A61FFDEE-5725-4650-A788-6E55EE5EFD5B}.Release|Any CPU.Build.0 = Release|Any CPU
		{3012BE6B-6253-4D9F-8E3C-31A0A8C59E28}.Debug|Any CPU.ActiveCfg = Debug|Any CPU
		{3012BE6B-6253-4D9F-8E3C-31A0A8C59E28}.Debug|Any CPU.Build.0 = Debug|Any CPU
		{3012BE6B-6253-4D9F-8E3C-31A0A8C59E28}.Release|Any CPU.ActiveCfg = Release|Any CPU
		{3012BE6B-6253-4D9F-8E3C-31A0A8C59E28}.Release|Any CPU.Build.0 = Release|Any CPU
	EndGlobalSection
	GlobalSection(SolutionProperties) = preSolution
		HideSolutionNode = FALSE
	EndGlobalSection
	GlobalSection(NestedProjects) = preSolution
		{A61FFDEE-5725-4650-A788-6E55EE5EFD5B} = {2DD6DC1C-B31F-4802-86FD-0E9DADC0EF23}
		{3012BE6B-6253-4D9F-8E3C-31A0A8C59E28} = {A08537AF-BA80-4B53-9C11-198C42E2DBEB}
	EndGlobalSection
	GlobalSection(ExtensibilityGlobals) = postSolution
		SolutionGuid = {EB6C0EF4-AA6A-444D-8603-3669F73A58BC}
	EndGlobalSection
EndGlobal
